
Microsoft Visual Studio Solution File, Format Version 12.00
# Visual Studio Version 16
VisualStudioVersion = 16.0.31112.23
MinimumVisualStudioVersion = 10.0.40219.1
Project("{FAE04EC0-301F-11D3-BF4B-00C04F79EFBC}") = "JamesMoonNoahConveryAssgt", "JamesMoonNoahConveryAssgt\JamesMoonNoahConveryAssgt.csproj", "{C8F8BA46-8163-4924-8ED1-4685468C154A}"
EndProject
Global
	GlobalSection(SolutionConfigurationPlatforms) = preSolution
		Debug|Any CPU = Debug|Any CPU
		Release|Any CPU = Release|Any CPU
	EndGlobalSection
	GlobalSection(ProjectConfigurationPlatforms) = postSolution
		{C8F8BA46-8163-4924-8ED1-4685468C154A}.Debug|Any CPU.ActiveCfg = Debug|Any CPU
		{C8F8BA46-8163-4924-8ED1-4685468C154A}.Debug|Any CPU.Build.0 = Debug|Any CPU
		{C8F8BA46-8163-4924-8ED1-4685468C154A}.Release|Any CPU.ActiveCfg = Release|Any CPU
		{C8F8BA46-8163-4924-8ED1-4685468C154A}.Release|Any CPU.Build.0 = Release|Any CPU
	EndGlobalSection
	GlobalSection(SolutionProperties) = preSolution
		HideSolutionNode = FALSE
	EndGlobalSection
	GlobalSection(ExtensibilityGlobals) = postSolution
		SolutionGuid = {6DFC6ABC-0704-48F7-A38D-B82CF8F06594}
	EndGlobalSection
EndGlobal
